// !$*UTF8*$!
{
	archiveVersion = 1;
	classes = {
	};
	objectVersion = 55;
	objects = {

/* Begin PBXBuildFile section */
		83ABD466298B20F400D2EF84 /* MoviesListAppApp.swift in Sources */ = {isa = PBXBuildFile; fileRef = 83ABD465298B20F400D2EF84 /* MoviesListAppApp.swift */; };
		83ABD468298B20F400D2EF84 /* MovieView.swift in Sources */ = {isa = PBXBuildFile; fileRef = 83ABD467298B20F400D2EF84 /* MovieView.swift */; };
		83ABD46A298B20F600D2EF84 /* Assets.xcassets in Resources */ = {isa = PBXBuildFile; fileRef = 83ABD469298B20F600D2EF84 /* Assets.xcassets */; };
		83ABD46D298B20F600D2EF84 /* Preview Assets.xcassets in Resources */ = {isa = PBXBuildFile; fileRef = 83ABD46C298B20F600D2EF84 /* Preview Assets.xcassets */; };
		83ABD474298B221A00D2EF84 /* Movie.swift in Sources */ = {isa = PBXBuildFile; fileRef = 83ABD473298B221A00D2EF84 /* Movie.swift */; };
		83ABD479298B5CF700D2EF84 /* MoviesService.swift in Sources */ = {isa = PBXBuildFile; fileRef = 83ABD478298B5CF700D2EF84 /* MoviesService.swift */; };
		83ABD47C298B673100D2EF84 /* MoviesViewModel.swift in Sources */ = {isa = PBXBuildFile; fileRef = 83ABD47B298B673100D2EF84 /* MoviesViewModel.swift */; };
		83ABD47E298B750200D2EF84 /* MovieCastMember.swift in Sources */ = {isa = PBXBuildFile; fileRef = 83ABD47D298B750200D2EF84 /* MovieCastMember.swift */; };
		83ABD480298B75AA00D2EF84 /* CastService.swift in Sources */ = {isa = PBXBuildFile; fileRef = 83ABD47F298B75AA00D2EF84 /* CastService.swift */; };
		83ABD482298B76A300D2EF84 /* Secret.swift in Sources */ = {isa = PBXBuildFile; fileRef = 83ABD481298B76A300D2EF84 /* Secret.swift */; };
		83ABD484298B772800D2EF84 /* MovieDetailsView.swift in Sources */ = {isa = PBXBuildFile; fileRef = 83ABD483298B772800D2EF84 /* MovieDetailsView.swift */; };
		83ABD486298B835400D2EF84 /* CastViewModel.swift in Sources */ = {isa = PBXBuildFile; fileRef = 83ABD485298B835400D2EF84 /* CastViewModel.swift */; };
/* End PBXBuildFile section */

/* Begin PBXFileReference section */
		83ABD462298B20F400D2EF84 /* MoviesListApp.app */ = {isa = PBXFileReference; explicitFileType = wrapper.application; includeInIndex = 0; path = MoviesListApp.app; sourceTree = BUILT_PRODUCTS_DIR; };
		83ABD465298B20F400D2EF84 /* MoviesListAppApp.swift */ = {isa = PBXFileReference; lastKnownFileType = sourcecode.swift; path = MoviesListAppApp.swift; sourceTree = "<group>"; };
		83ABD467298B20F400D2EF84 /* MovieView.swift */ = {isa = PBXFileReference; lastKnownFileType = sourcecode.swift; path = MovieView.swift; sourceTree = "<group>"; };
		83ABD469298B20F600D2EF84 /* Assets.xcassets */ = {isa = PBXFileReference; lastKnownFileType = folder.assetcatalog; path = Assets.xcassets; sourceTree = "<group>"; };
		83ABD46C298B20F600D2EF84 /* Preview Assets.xcassets */ = {isa = PBXFileReference; lastKnownFileType = folder.assetcatalog; path = "Preview Assets.xcassets"; sourceTree = "<group>"; };
		83ABD473298B221A00D2EF84 /* Movie.swift */ = {isa = PBXFileReference; lastKnownFileType = sourcecode.swift; path = Movie.swift; sourceTree = "<group>"; };
		83ABD478298B5CF700D2EF84 /* MoviesService.swift */ = {isa = PBXFileReference; lastKnownFileType = sourcecode.swift; path = MoviesService.swift; sourceTree = "<group>"; };
		83ABD47B298B673100D2EF84 /* MoviesViewModel.swift */ = {isa = PBXFileReference; lastKnownFileType = sourcecode.swift; path = MoviesViewModel.swift; sourceTree = "<group>"; };
		83ABD47D298B750200D2EF84 /* MovieCastMember.swift */ = {isa = PBXFileReference; lastKnownFileType = sourcecode.swift; path = MovieCastMember.swift; sourceTree = "<group>"; };
		83ABD47F298B75AA00D2EF84 /* CastService.swift */ = {isa = PBXFileReference; lastKnownFileType = sourcecode.swift; path = CastService.swift; sourceTree = "<group>"; };
		83ABD481298B76A300D2EF84 /* Secret.swift */ = {isa = PBXFileReference; lastKnownFileType = sourcecode.swift; path = Secret.swift; sourceTree = "<group>"; };
		83ABD483298B772800D2EF84 /* MovieDetailsView.swift */ = {isa = PBXFileReference; lastKnownFileType = sourcecode.swift; path = MovieDetailsView.swift; sourceTree = "<group>"; };
		83ABD485298B835400D2EF84 /* CastViewModel.swift */ = {isa = PBXFileReference; lastKnownFileType = sourcecode.swift; path = CastViewModel.swift; sourceTree = "<group>"; };
/* End PBXFileReference section */

/* Begin PBXFrameworksBuildPhase section */
		83ABD45F298B20F400D2EF84 /* Frameworks */ = {
			isa = PBXFrameworksBuildPhase;
			buildActionMask = 2147483647;
			files = (
			);
			runOnlyForDeploymentPostprocessing = 0;
		};
/* End PBXFrameworksBuildPhase section */

/* Begin PBXGroup section */
		83ABD459298B20F400D2EF84 = {
			isa = PBXGroup;
			children = (
				83ABD464298B20F400D2EF84 /* MoviesListApp */,
				83ABD463298B20F400D2EF84 /* Products */,
			);
			sourceTree = "<group>";
		};
		83ABD463298B20F400D2EF84 /* Products */ = {
			isa = PBXGroup;
			children = (
				83ABD462298B20F400D2EF84 /* MoviesListApp.app */,
			);
			name = Products;
			sourceTree = "<group>";
		};
		83ABD464298B20F400D2EF84 /* MoviesListApp */ = {
			isa = PBXGroup;
			children = (
				83ABD465298B20F400D2EF84 /* MoviesListAppApp.swift */,
				83ABD477298B59A300D2EF84 /* Model */,
				83ABD476298B599B00D2EF84 /* View */,
				83ABD47A298B672100D2EF84 /* ViewModel */,
				83ABD475298B599200D2EF84 /* Service */,
				83ABD469298B20F600D2EF84 /* Assets.xcassets */,
				83ABD46B298B20F600D2EF84 /* Preview Content */,
				83ABD481298B76A300D2EF84 /* Secret.swift */,
			);
			path = MoviesListApp;
			sourceTree = "<group>";
		};
		83ABD46B298B20F600D2EF84 /* Preview Content */ = {
			isa = PBXGroup;
			children = (
				83ABD46C298B20F600D2EF84 /* Preview Assets.xcassets */,
			);
			path = "Preview Content";
			sourceTree = "<group>";
		};
		83ABD475298B599200D2EF84 /* Service */ = {
			isa = PBXGroup;
			children = (
				83ABD478298B5CF700D2EF84 /* MoviesService.swift */,
				83ABD47F298B75AA00D2EF84 /* CastService.swift */,
			);
			path = Service;
			sourceTree = "<group>";
		};
		83ABD476298B599B00D2EF84 /* View */ = {
			isa = PBXGroup;
			children = (
				83ABD467298B20F400D2EF84 /* MovieView.swift */,
				83ABD483298B772800D2EF84 /* MovieDetailsView.swift */,
			);
			path = View;
			sourceTree = "<group>";
		};
		83ABD477298B59A300D2EF84 /* Model */ = {
			isa = PBXGroup;
			children = (
				83ABD473298B221A00D2EF84 /* Movie.swift */,
				83ABD47D298B750200D2EF84 /* MovieCastMember.swift */,
			);
			path = Model;
			sourceTree = "<group>";
		};
		83ABD47A298B672100D2EF84 /* ViewModel */ = {
			isa = PBXGroup;
			children = (
				83ABD47B298B673100D2EF84 /* MoviesViewModel.swift */,
				83ABD485298B835400D2EF84 /* CastViewModel.swift */,
			);
			path = ViewModel;
			sourceTree = "<group>";
		};
/* End PBXGroup section */

/* Begin PBXNativeTarget section */
		83ABD461298B20F400D2EF84 /* MoviesListApp */ = {
			isa = PBXNativeTarget;
			buildConfigurationList = 83ABD470298B20F600D2EF84 /* Build configuration list for PBXNativeTarget "MoviesListApp" */;
			buildPhases = (
				83ABD45E298B20F400D2EF84 /* Sources */,
				83ABD45F298B20F400D2EF84 /* Frameworks */,
				83ABD460298B20F400D2EF84 /* Resources */,
			);
			buildRules = (
			);
			dependencies = (
			);
			name = MoviesListApp;
			productName = MoviesListApp;
			productReference = 83ABD462298B20F400D2EF84 /* MoviesListApp.app */;
			productType = "com.apple.product-type.application";
		};
/* End PBXNativeTarget section */

/* Begin PBXProject section */
		83ABD45A298B20F400D2EF84 /* Project object */ = {
			isa = PBXProject;
			attributes = {
				BuildIndependentTargetsInParallel = 1;
				LastSwiftUpdateCheck = 1320;
				LastUpgradeCheck = 1320;
				TargetAttributes = {
					83ABD461298B20F400D2EF84 = {
						CreatedOnToolsVersion = 13.2.1;
					};
				};
			};
			buildConfigurationList = 83ABD45D298B20F400D2EF84 /* Build configuration list for PBXProject "MoviesListApp" */;
			compatibilityVersion = "Xcode 13.0";
			developmentRegion = en;
			hasScannedForEncodings = 0;
			knownRegions = (
				en,
				Base,
			);
			mainGroup = 83ABD459298B20F400D2EF84;
			productRefGroup = 83ABD463298B20F400D2EF84 /* Products */;
			projectDirPath = "";
			projectRoot = "";
			targets = (
				83ABD461298B20F400D2EF84 /* MoviesListApp */,
			);
		};
/* End PBXProject section */

/* Begin PBXResourcesBuildPhase section */
		83ABD460298B20F400D2EF84 /* Resources */ = {
			isa = PBXResourcesBuildPhase;
			buildActionMask = 2147483647;
			files = (
				83ABD46D298B20F600D2EF84 /* Preview Assets.xcassets in Resources */,
				83ABD46A298B20F600D2EF84 /* Assets.xcassets in Resources */,
			);
			runOnlyForDeploymentPostprocessing = 0;
		};
/* End PBXResourcesBuildPhase section */

/* Begin PBXSourcesBuildPhase section */
		83ABD45E298B20F400D2EF84 /* Sources */ = {
			isa = PBXSourcesBuildPhase;
			buildActionMask = 2147483647;
			files = (
				83ABD468298B20F400D2EF84 /* MovieView.swift in Sources */,
				83ABD47C298B673100D2EF84 /* MoviesViewModel.swift in Sources */,
				83ABD466298B20F400D2EF84 /* MoviesListAppApp.swift in Sources */,
				83ABD479298B5CF700D2EF84 /* MoviesService.swift in Sources */,
				83ABD474298B221A00D2EF84 /* Movie.swift in Sources */,
				83ABD482298B76A300D2EF84 /* Secret.swift in Sources */,
				83ABD484298B772800D2EF84 /* MovieDetailsView.swift in Sources */,
				83ABD486298B835400D2EF84 /* CastViewModel.swift in Sources */,
				83ABD480298B75AA00D2EF84 /* CastService.swift in Sources */,
				83ABD47E298B750200D2EF84 /* MovieCastMember.swift in Sources */,
			);
			runOnlyForDeploymentPostprocessing = 0;
		};
/* End PBXSourcesBuildPhase section */

/* Begin XCBuildConfiguration section */
		83ABD46E298B20F600D2EF84 /* Debug */ = {
			isa = XCBuildConfiguration;
			buildSettings = {
				ALWAYS_SEARCH_USER_PATHS = NO;
				CLANG_ANALYZER_NONNULL = YES;
				CLANG_ANALYZER_NUMBER_OBJECT_CONVERSION = YES_AGGRESSIVE;
				CLANG_CXX_LANGUAGE_STANDARD = "gnu++17";
				CLANG_CXX_LIBRARY = "libc++";
				CLANG_ENABLE_MODULES = YES;
				CLANG_ENABLE_OBJC_ARC = YES;
				CLANG_ENABLE_OBJC_WEAK = YES;
				CLANG_WARN_BLOCK_CAPTURE_AUTORELEASING = YES;
				CLANG_WARN_BOOL_CONVERSION = YES;
				CLANG_WARN_COMMA = YES;
				CLANG_WARN_CONSTANT_CONVERSION = YES;
				CLANG_WARN_DEPRECATED_OBJC_IMPLEMENTATIONS = YES;
				CLANG_WARN_DIRECT_OBJC_ISA_USAGE = YES_ERROR;
				CLANG_WARN_DOCUMENTATION_COMMENTS = YES;
				CLANG_WARN_EMPTY_BODY = YES;
				CLANG_WARN_ENUM_CONVERSION = YES;
				CLANG_WARN_INFINITE_RECURSION = YES;
				CLANG_WARN_INT_CONVERSION = YES;
				CLANG_WARN_NON_LITERAL_NULL_CONVERSION = YES;
				CLANG_WARN_OBJC_IMPLICIT_RETAIN_SELF = YES;
				CLANG_WARN_OBJC_LITERAL_CONVERSION = YES;
				CLANG_WARN_OBJC_ROOT_CLASS = YES_ERROR;
				CLANG_WARN_QUOTED_INCLUDE_IN_FRAMEWORK_HEADER = YES;
				CLANG_WARN_RANGE_LOOP_ANALYSIS = YES;
				CLANG_WARN_STRICT_PROTOTYPES = YES;
				CLANG_WARN_SUSPICIOUS_MOVE = YES;
				CLANG_WARN_UNGUARDED_AVAILABILITY = YES_AGGRESSIVE;
				CLANG_WARN_UNREACHABLE_CODE = YES;
				CLANG_WARN__DUPLICATE_METHOD_MATCH = YES;
				COPY_PHASE_STRIP = NO;
				DEBUG_INFORMATION_FORMAT = dwarf;
				ENABLE_STRICT_OBJC_MSGSEND = YES;
				ENABLE_TESTABILITY = YES;
				GCC_C_LANGUAGE_STANDARD = gnu11;
				GCC_DYNAMIC_NO_PIC = NO;
				GCC_NO_COMMON_BLOCKS = YES;
				GCC_OPTIMIZATION_LEVEL = 0;
				GCC_PREPROCESSOR_DEFINITIONS = (
					"DEBUG=1",
					"$(inherited)",
				);
				GCC_WARN_64_TO_32_BIT_CONVERSION = YES;
				GCC_WARN_ABOUT_RETURN_TYPE = YES_ERROR;
				GCC_WARN_UNDECLARED_SELECTOR = YES;
				GCC_WARN_UNINITIALIZED_AUTOS = YES_AGGRESSIVE;
				GCC_WARN_UNUSED_FUNCTION = YES;
				GCC_WARN_UNUSED_VARIABLE = YES;
				IPHONEOS_DEPLOYMENT_TARGET = 15.2;
				MTL_ENABLE_DEBUG_INFO = INCLUDE_SOURCE;
				MTL_FAST_MATH = YES;
				ONLY_ACTIVE_ARCH = YES;
				SDKROOT = iphoneos;
				SWIFT_ACTIVE_COMPILATION_CONDITIONS = DEBUG;
				SWIFT_OPTIMIZATION_LEVEL = "-Onone";
			};
			name = Debug;
		};
		83ABD46F298B20F600D2EF84 /* Release */ = {
			isa = XCBuildConfiguration;
			buildSettings = {
				ALWAYS_SEARCH_USER_PATHS = NO;
				CLANG_ANALYZER_NONNULL = YES;
				CLANG_ANALYZER_NUMBER_OBJECT_CONVERSION = YES_AGGRESSIVE;
				CLANG_CXX_LANGUAGE_STANDARD = "gnu++17";
				CLANG_CXX_LIBRARY = "libc++";
				CLANG_ENABLE_MODULES = YES;
				CLANG_ENABLE_OBJC_ARC = YES;
				CLANG_ENABLE_OBJC_WEAK = YES;
				CLANG_WARN_BLOCK_CAPTURE_AUTORELEASING = YES;
				CLANG_WARN_BOOL_CONVERSION = YES;
				CLANG_WARN_COMMA = YES;
				CLANG_WARN_CONSTANT_CONVERSION = YES;
				CLANG_WARN_DEPRECATED_OBJC_IMPLEMENTATIONS = YES;
				CLANG_WARN_DIRECT_OBJC_ISA_USAGE = YES_ERROR;
				CLANG_WARN_DOCUMENTATION_COMMENTS = YES;
				CLANG_WARN_EMPTY_BODY = YES;
				CLANG_WARN_ENUM_CONVERSION = YES;
				CLANG_WARN_INFINITE_RECURSION = YES;
				CLANG_WARN_INT_CONVERSION = YES;
				CLANG_WARN_NON_LITERAL_NULL_CONVERSION = YES;
				CLANG_WARN_OBJC_IMPLICIT_RETAIN_SELF = YES;
				CLANG_WARN_OBJC_LITERAL_CONVERSION = YES;
				CLANG_WARN_OBJC_ROOT_CLASS = YES_ERROR;
				CLANG_WARN_QUOTED_INCLUDE_IN_FRAMEWORK_HEADER = YES;
				CLANG_WARN_RANGE_LOOP_ANALYSIS = YES;
				CLANG_WARN_STRICT_PROTOTYPES = YES;
				CLANG_WARN_SUSPICIOUS_MOVE = YES;
				CLANG_WARN_UNGUARDED_AVAILABILITY = YES_AGGRESSIVE;
				CLANG_WARN_UNREACHABLE_CODE = YES;
				CLANG_WARN__DUPLICATE_METHOD_MATCH = YES;
				COPY_PHASE_STRIP = NO;
				DEBUG_INFORMATION_FORMAT = "dwarf-with-dsym";
				ENABLE_NS_ASSERTIONS = NO;
				ENABLE_STRICT_OBJC_MSGSEND = YES;
				GCC_C_LANGUAGE_STANDARD = gnu11;
				GCC_NO_COMMON_BLOCKS = YES;
				GCC_WARN_64_TO_32_BIT_CONVERSION = YES;
				GCC_WARN_ABOUT_RETURN_TYPE = YES_ERROR;
				GCC_WARN_UNDECLARED_SELECTOR = YES;
				GCC_WARN_UNINITIALIZED_AUTOS = YES_AGGRESSIVE;
				GCC_WARN_UNUSED_FUNCTION = YES;
				GCC_WARN_UNUSED_VARIABLE = YES;
				IPHONEOS_DEPLOYMENT_TARGET = 15.2;
				MTL_ENABLE_DEBUG_INFO = NO;
				MTL_FAST_MATH = YES;
				SDKROOT = iphoneos;
				SWIFT_COMPILATION_MODE = wholemodule;
				SWIFT_OPTIMIZATION_LEVEL = "-O";
				VALIDATE_PRODUCT = YES;
			};
			name = Release;
		};
		83ABD471298B20F600D2EF84 /* Debug */ = {
			isa = XCBuildConfiguration;
			buildSettings = {
				ASSETCATALOG_COMPILER_APPICON_NAME = AppIcon;
				ASSETCATALOG_COMPILER_GLOBAL_ACCENT_COLOR_NAME = AccentColor;
				CODE_SIGN_STYLE = Automatic;
				CURRENT_PROJECT_VERSION = 1;
				DEVELOPMENT_ASSET_PATHS = "\"MoviesListApp/Preview Content\"";
				DEVELOPMENT_TEAM = 7C9T7K4LUL;
				ENABLE_PREVIEWS = YES;
				GENERATE_INFOPLIST_FILE = YES;
				INFOPLIST_KEY_UIApplicationSceneManifest_Generation = YES;
				INFOPLIST_KEY_UIApplicationSupportsIndirectInputEvents = YES;
				INFOPLIST_KEY_UILaunchScreen_Generation = YES;
				INFOPLIST_KEY_UISupportedInterfaceOrientations_iPad = "UIInterfaceOrientationPortrait UIInterfaceOrientationPortraitUpsideDown UIInterfaceOrientationLandscapeLeft UIInterfaceOrientationLandscapeRight";
				INFOPLIST_KEY_UISupportedInterfaceOrientations_iPhone = "UIInterfaceOrientationPortrait UIInterfaceOrientationLandscapeLeft UIInterfaceOrientationLandscapeRight";
				LD_RUNPATH_SEARCH_PATHS = (
					"$(inherited)",
					"@executable_path/Frameworks",
				);
				MARKETING_VERSION = 1.0;
				PRODUCT_BUNDLE_IDENTIFIER = com.palvarezm.MoviesListApp;
				PRODUCT_NAME = "$(TARGET_NAME)";
				SWIFT_EMIT_LOC_STRINGS = YES;
				SWIFT_VERSION = 5.0;
				TARGETED_DEVICE_FAMILY = "1,2";
			};
			name = Debug;
		};
		83ABD472298B20F600D2EF84 /* Release */ = {
			isa = XCBuildConfiguration;
			buildSettings = {
				ASSETCATALOG_COMPILER_APPICON_NAME = AppIcon;
				ASSETCATALOG_COMPILER_GLOBAL_ACCENT_COLOR_NAME = AccentColor;
				CODE_SIGN_STYLE = Automatic;
				CURRENT_PROJECT_VERSION = 1;
				DEVELOPMENT_ASSET_PATHS = "\"MoviesListApp/Preview Content\"";
				DEVELOPMENT_TEAM = 7C9T7K4LUL;
				ENABLE_PREVIEWS = YES;
				GENERATE_INFOPLIST_FILE = YES;
				INFOPLIST_KEY_UIApplicationSceneManifest_Generation = YES;
				INFOPLIST_KEY_UIApplicationSupportsIndirectInputEvents = YES;
				INFOPLIST_KEY_UILaunchScreen_Generation = YES;
				INFOPLIST_KEY_UISupportedInterfaceOrientations_iPad = "UIInterfaceOrientationPortrait UIInterfaceOrientationPortraitUpsideDown UIInterfaceOrientationLandscapeLeft UIInterfaceOrientationLandscapeRight";
				INFOPLIST_KEY_UISupportedInterfaceOrientations_iPhone = "UIInterfaceOrientationPortrait UIInterfaceOrientationLandscapeLeft UIInterfaceOrientationLandscapeRight";
				LD_RUNPATH_SEARCH_PATHS = (
					"$(inherited)",
					"@executable_path/Frameworks",
				);
				MARKETING_VERSION = 1.0;
				PRODUCT_BUNDLE_IDENTIFIER = com.palvarezm.MoviesListApp;
				PRODUCT_NAME = "$(TARGET_NAME)";
				SWIFT_EMIT_LOC_STRINGS = YES;
				SWIFT_VERSION = 5.0;
				TARGETED_DEVICE_FAMILY = "1,2";
			};
			name = Release;
		};
/* End XCBuildConfiguration section */

/* Begin XCConfigurationList section */
		83ABD45D298B20F400D2EF84 /* Build configuration list for PBXProject "MoviesListApp" */ = {
			isa = XCConfigurationList;
			buildConfigurations = (
				83ABD46E298B20F600D2EF84 /* Debug */,
				83ABD46F298B20F600D2EF84 /* Release */,
			);
			defaultConfigurationIsVisible = 0;
			defaultConfigurationName = Release;
		};
		83ABD470298B20F600D2EF84 /* Build configuration list for PBXNativeTarget "MoviesListApp" */ = {
			isa = XCConfigurationList;
			buildConfigurations = (
				83ABD471298B20F600D2EF84 /* Debug */,
				83ABD472298B20F600D2EF84 /* Release */,
			);
			defaultConfigurationIsVisible = 0;
			defaultConfigurationName = Release;
		};
/* End XCConfigurationList section */
	};
	rootObject = 83ABD45A298B20F400D2EF84 /* Project object */;
}
